
Microsoft Visual Studio Solution File, Format Version 12.00
# Visual Studio 2013
VisualStudioVersion = 12.0.40629.0
MinimumVisualStudioVersion = 10.0.40219.1
Project("{FAE04EC0-301F-11D3-BF4B-00C04F79EFBC}") = "Pens.Domain", "Pens.Domain\Pens.Domain.csproj", "{FE5F4DBF-6FF5-42B3-BC53-D98B7C69435B}"
EndProject
Project("{FAE04EC0-301F-11D3-BF4B-00C04F79EFBC}") = "Pens.WebUI", "Pens.WebUI\Pens.WebUI.csproj", "{F840F4C3-B5ED-46F6-8556-73A7BD5533BF}"
EndProject
Project("{FAE04EC0-301F-11D3-BF4B-00C04F79EFBC}") = "Pens.UnitTests", "Pens.UnitTests\Pens.UnitTests.csproj", "{AFD6BA16-6063-47D2-89AB-D0D9265682EA}"
EndProject
Global
	GlobalSection(SolutionConfigurationPlatforms) = preSolution
		Debug|Any CPU = Debug|Any CPU
		Release|Any CPU = Release|Any CPU
	EndGlobalSection
	GlobalSection(ProjectConfigurationPlatforms) = postSolution
		{FE5F4DBF-6FF5-42B3-BC53-D98B7C69435B}.Debug|Any CPU.ActiveCfg = Debug|Any CPU
		{FE5F4DBF-6FF5-42B3-BC53-D98B7C69435B}.Debug|Any CPU.Build.0 = Debug|Any CPU
		{FE5F4DBF-6FF5-42B3-BC53-D98B7C69435B}.Release|Any CPU.ActiveCfg = Release|Any CPU
		{FE5F4DBF-6FF5-42B3-BC53-D98B7C69435B}.Release|Any CPU.Build.0 = Release|Any CPU
		{F840F4C3-B5ED-46F6-8556-73A7BD5533BF}.Debug|Any CPU.ActiveCfg = Debug|Any CPU
		{F840F4C3-B5ED-46F6-8556-73A7BD5533BF}.Debug|Any CPU.Build.0 = Debug|Any CPU
		{F840F4C3-B5ED-46F6-8556-73A7BD5533BF}.Release|Any CPU.ActiveCfg = Release|Any CPU
		{F840F4C3-B5ED-46F6-8556-73A7BD5533BF}.Release|Any CPU.Build.0 = Release|Any CPU
		{AFD6BA16-6063-47D2-89AB-D0D9265682EA}.Debug|Any CPU.ActiveCfg = Debug|Any CPU
		{AFD6BA16-6063-47D2-89AB-D0D9265682EA}.Debug|Any CPU.Build.0 = Debug|Any CPU
		{AFD6BA16-6063-47D2-89AB-D0D9265682EA}.Release|Any CPU.ActiveCfg = Release|Any CPU
		{AFD6BA16-6063-47D2-89AB-D0D9265682EA}.Release|Any CPU.Build.0 = Release|Any CPU
	EndGlobalSection
	GlobalSection(SolutionProperties) = preSolution
		HideSolutionNode = FALSE
	EndGlobalSection
EndGlobal
